github.com/0persianman/x-go-binding v0.0.0-20210912132432-c631f819040d h1:fpwpzYbeGQ4ws1SmD1byd/fsHETL2EKxRn319+UQ7uY=
github.com/0persianman/x-go-binding v0.0.0-20210912132432-c631f819040d/go.mod h1:wtL90bpRCTV3IYDaMDowv71u5L47O0DWEo/75hrPxSY=
github.com/neurlang/wayland v0.1.36 h1:a6vww4tgAf8e4XG0EpBRjnK7gzB/JLvDhnw/r692bKw=
github.com/neurlang/wayland v0.1.36/go.mod h1:Och4a3xjOce3AYWZlI41XQaFImVDMA9NGGk0XiImkXM=
